{
  "version": 4,
  "terraform_version": "1.9.6",
  "serial": 1,
  "lineage": "3612fe26-811b-31a7-22e8-d1633846af3f",
  "outputs": {},
  "resources": [
    {
      "mode": "managed",
      "type": "spotify_playlist",
      "name": "RJ",
      "provider": "provider[\"registry.terraform.io/conradludgate/spotify\"]",
      "instances": [
        {
          "schema_version": 0,
          "attributes": {
            "description": null,
            "id": "7dN7E10bIujQrh0JXhmcDs",
            "name": "RJ",
            "public": true,
            "snapshot_id": "AAAAAvtPolD89JecthdE9+D2VH4+A7V1",
            "tracks": [
              "7IWcVmNCt0V1KHoYQP9ZoR"
            ]
          },
          "sensitive_attributes": [],
          "private": "bnVsbA=="
        }
      ]
    }
  ],
  "check_results": null
}
